// !$*UTF8*$!
{
	archiveVersion = 1;
	classes = {
	};
	objectVersion = 46;
	objects = {

/* Begin PBXBuildFile section */
		B31C9F1B19858F3B00A51450 /* main.m in Sources */ = {isa = PBXBuildFile; fileRef = B31C9F1A19858F3B00A51450 /* main.m */; };
		B31C9F1E19858F3B00A51450 /* AppDelegate.m in Sources */ = {isa = PBXBuildFile; fileRef = B31C9F1D19858F3B00A51450 /* AppDelegate.m */; };
		B31C9F2119858F3B00A51450 /* ViewController.m in Sources */ = {isa = PBXBuildFile; fileRef = B31C9F2019858F3B00A51450 /* ViewController.m */; };
		B31C9F2419858F3B00A51450 /* Main.storyboard in Resources */ = {isa = PBXBuildFile; fileRef = B31C9F2219858F3B00A51450 /* Main.storyboard */; };
		B31C9F2619858F3B00A51450 /* Images.xcassets in Resources */ = {isa = PBXBuildFile; fileRef = B31C9F2519858F3B00A51450 /* Images.xcassets */; };
		B31C9F3219858F3B00A51450 /* CliffTests.m in Sources */ = {isa = PBXBuildFile; fileRef = B31C9F3119858F3B00A51450 /* CliffTests.m */; };
/* End PBXBuildFile section */

/* Begin PBXContainerItemProxy section */
		B31C9F2C19858F3B00A51450 /* PBXContainerItemProxy */ = {
			isa = PBXContainerItemProxy;
			containerPortal = B31C9F0D19858F3B00A51450 /* Project object */;
			proxyType = 1;
			remoteGlobalIDString = B31C9F1419858F3B00A51450;
			remoteInfo = Cliff;
		};
/* End PBXContainerItemProxy section */

/* Begin PBXFileReference section */
		B31C9F1519858F3B00A51450 /* Cliff.app */ = {isa = PBXFileReference; explicitFileType = wrapper.application; includeInIndex = 0; path = Cliff.app; sourceTree = BUILT_PRODUCTS_DIR; };
		B31C9F1919858F3B00A51450 /* Info.plist */ = {isa = PBXFileReference; lastKnownFileType = text.plist.xml; path = Info.plist; sourceTree = "<group>"; };
		B31C9F1A19858F3B00A51450 /* main.m */ = {isa = PBXFileReference; lastKnownFileType = sourcecode.c.objc; path = main.m; sourceTree = "<group>"; };
		B31C9F1C19858F3B00A51450 /* AppDelegate.h */ = {isa = PBXFileReference; lastKnownFileType = sourcecode.c.h; path = AppDelegate.h; sourceTree = "<group>"; };
		B31C9F1D19858F3B00A51450 /* AppDelegate.m */ = {isa = PBXFileReference; lastKnownFileType = sourcecode.c.objc; path = AppDelegate.m; sourceTree = "<group>"; };
		B31C9F1F19858F3B00A51450 /* ViewController.h */ = {isa = PBXFileReference; lastKnownFileType = sourcecode.c.h; path = ViewController.h; sourceTree = "<group>"; };
		B31C9F2019858F3B00A51450 /* ViewController.m */ = {isa = PBXFileReference; lastKnownFileType = sourcecode.c.objc; path = ViewController.m; sourceTree = "<group>"; };
		B31C9F2319858F3B00A51450 /* Base */ = {isa = PBXFileReference; lastKnownFileType = file.storyboard; name = Base; path = Base.lproj/Main.storyboard; sourceTree = "<group>"; };
		B31C9F2519858F3B00A51450 /* Images.xcassets */ = {isa = PBXFileReference; lastKnownFileType = folder.assetcatalog; path = Images.xcassets; sourceTree = "<group>"; };
		B31C9F2B19858F3B00A51450 /* CliffTests.xctest */ = {isa = PBXFileReference; explicitFileType = wrapper.cfbundle; includeInIndex = 0; path = CliffTests.xctest; sourceTree = BUILT_PRODUCTS_DIR; };
		B31C9F3019858F3B00A51450 /* Info.plist */ = {isa = PBXFileReference; lastKnownFileType = text.plist.xml; path = Info.plist; sourceTree = "<group>"; };
		B31C9F3119858F3B00A51450 /* CliffTests.m */ = {isa = PBXFileReference; lastKnownFileType = sourcecode.c.objc; path = CliffTests.m; sourceTree = "<group>"; };
/* End PBXFileReference section */

/* Begin PBXFrameworksBuildPhase section */
		B31C9F1219858F3B00A51450 /* Frameworks */ = {
			isa = PBXFrameworksBuildPhase;
			buildActionMask = 2147483647;
			files = (
			);
			runOnlyForDeploymentPostprocessing = 0;
		};
		B31C9F2819858F3B00A51450 /* Frameworks */ = {
			isa = PBXFrameworksBuildPhase;
			buildActionMask = 2147483647;
			files = (
			);
			runOnlyForDeploymentPostprocessing = 0;
		};
/* End PBXFrameworksBuildPhase section */

/* Begin PBXGroup section */
		B31C9F0C19858F3B00A51450 = {
			isa = PBXGroup;
			children = (
				B31C9F1719858F3B00A51450 /* Cliff */,
				B31C9F2E19858F3B00A51450 /* CliffTests */,
				B31C9F1619858F3B00A51450 /* Products */,
			);
			sourceTree = "<group>";
		};
		B31C9F1619858F3B00A51450 /* Products */ = {
			isa = PBXGroup;
			children = (
				B31C9F1519858F3B00A51450 /* Cliff.app */,
				B31C9F2B19858F3B00A51450 /* CliffTests.xctest */,
			);
			name = Products;
			sourceTree = "<group>";
		};
		B31C9F1719858F3B00A51450 /* Cliff */ = {
			isa = PBXGroup;
			children = (
				B31C9F1C19858F3B00A51450 /* AppDelegate.h */,
				B31C9F1D19858F3B00A51450 /* AppDelegate.m */,
				B31C9F1F19858F3B00A51450 /* ViewController.h */,
				B31C9F2019858F3B00A51450 /* ViewController.m */,
				B31C9F2219858F3B00A51450 /* Main.storyboard */,
				B31C9F2519858F3B00A51450 /* Images.xcassets */,
				B31C9F1819858F3B00A51450 /* Supporting Files */,
			);
			path = Cliff;
			sourceTree = "<group>";
		};
		B31C9F1819858F3B00A51450 /* Supporting Files */ = {
			isa = PBXGroup;
			children = (
				B31C9F1919858F3B00A51450 /* Info.plist */,
				B31C9F1A19858F3B00A51450 /* main.m */,
			);
			name = "Supporting Files";
			sourceTree = "<group>";
		};
		B31C9F2E19858F3B00A51450 /* CliffTests */ = {
			isa = PBXGroup;
			children = (
				B31C9F3119858F3B00A51450 /* CliffTests.m */,
				B31C9F2F19858F3B00A51450 /* Supporting Files */,
			);
			path = CliffTests;
			sourceTree = "<group>";
		};
		B31C9F2F19858F3B00A51450 /* Supporting Files */ = {
			isa = PBXGroup;
			children = (
				B31C9F3019858F3B00A51450 /* Info.plist */,
			);
			name = "Supporting Files";
			sourceTree = "<group>";
		};
/* End PBXGroup section */

/* Begin PBXNativeTarget section */
		B31C9F1419858F3B00A51450 /* Cliff */ = {
			isa = PBXNativeTarget;
			buildConfigurationList = B31C9F3519858F3B00A51450 /* Build configuration list for PBXNativeTarget "Cliff" */;
			buildPhases = (
				B31C9F1119858F3B00A51450 /* Sources */,
				B31C9F1219858F3B00A51450 /* Frameworks */,
				B31C9F1319858F3B00A51450 /* Resources */,
			);
			buildRules = (
			);
			dependencies = (
			);
			name = Cliff;
			productName = Cliff;
			productReference = B31C9F1519858F3B00A51450 /* Cliff.app */;
			productType = "com.apple.product-type.application";
		};
		B31C9F2A19858F3B00A51450 /* CliffTests */ = {
			isa = PBXNativeTarget;
			buildConfigurationList = B31C9F3819858F3B00A51450 /* Build configuration list for PBXNativeTarget "CliffTests" */;
			buildPhases = (
				B31C9F2719858F3B00A51450 /* Sources */,
				B31C9F2819858F3B00A51450 /* Frameworks */,
				B31C9F2919858F3B00A51450 /* Resources */,
			);
			buildRules = (
			);
			dependencies = (
				B31C9F2D19858F3B00A51450 /* PBXTargetDependency */,
			);
			name = CliffTests;
			productName = CliffTests;
			productReference = B31C9F2B19858F3B00A51450 /* CliffTests.xctest */;
			productType = "com.apple.product-type.bundle.unit-test";
		};
/* End PBXNativeTarget section */

/* Begin PBXProject section */
		B31C9F0D19858F3B00A51450 /* Project object */ = {
			isa = PBXProject;
			attributes = {
				LastUpgradeCheck = 0600;
				ORGANIZATIONNAME = "Jaden Geller";
				TargetAttributes = {
					B31C9F1419858F3B00A51450 = {
						CreatedOnToolsVersion = 6.0;
						DevelopmentTeam = 4H5P3P832L;
					};
					B31C9F2A19858F3B00A51450 = {
						CreatedOnToolsVersion = 6.0;
						TestTargetID = B31C9F1419858F3B00A51450;
					};
				};
			};
			buildConfigurationList = B31C9F1019858F3B00A51450 /* Build configuration list for PBXProject "Cliff" */;
			compatibilityVersion = "Xcode 3.2";
			developmentRegion = English;
			hasScannedForEncodings = 0;
			knownRegions = (
				en,
				Base,
			);
			mainGroup = B31C9F0C19858F3B00A51450;
			productRefGroup = B31C9F1619858F3B00A51450 /* Products */;
			projectDirPath = "";
			projectRoot = "";
			targets = (
				B31C9F1419858F3B00A51450 /* Cliff */,
				B31C9F2A19858F3B00A51450 /* CliffTests */,
			);
		};
/* End PBXProject section */

/* Begin PBXResourcesBuildPhase section */
		B31C9F1319858F3B00A51450 /* Resources */ = {
			isa = PBXResourcesBuildPhase;
			buildActionMask = 2147483647;
			files = (
				B31C9F2419858F3B00A51450 /* Main.storyboard in Resources */,
				B31C9F2619858F3B00A51450 /* Images.xcassets in Resources */,
			);
			runOnlyForDeploymentPostprocessing = 0;
		};
		B31C9F2919858F3B00A51450 /* Resources */ = {
			isa = PBXResourcesBuildPhase;
			buildActionMask = 2147483647;
			files = (
			);
			runOnlyForDeploymentPostprocessing = 0;
		};
/* End PBXResourcesBuildPhase section */

/* Begin PBXSourcesBuildPhase section */
		B31C9F1119858F3B00A51450 /* Sources */ = {
			isa = PBXSourcesBuildPhase;
			buildActionMask = 2147483647;
			files = (
				B31C9F2119858F3B00A51450 /* ViewController.m in Sources */,
				B31C9F1E19858F3B00A51450 /* AppDelegate.m in Sources */,
				B31C9F1B19858F3B00A51450 /* main.m in Sources */,
			);
			runOnlyForDeploymentPostprocessing = 0;
		};
		B31C9F2719858F3B00A51450 /* Sources */ = {
			isa = PBXSourcesBuildPhase;
			buildActionMask = 2147483647;
			files = (
				B31C9F3219858F3B00A51450 /* CliffTests.m in Sources */,
			);
			runOnlyForDeploymentPostprocessing = 0;
		};
/* End PBXSourcesBuildPhase section */

/* Begin PBXTargetDependency section */
		B31C9F2D19858F3B00A51450 /* PBXTargetDependency */ = {
			isa = PBXTargetDependency;
			target = B31C9F1419858F3B00A51450 /* Cliff */;
			targetProxy = B31C9F2C19858F3B00A51450 /* PBXContainerItemProxy */;
		};
/* End PBXTargetDependency section */

/* Begin PBXVariantGroup section */
		B31C9F2219858F3B00A51450 /* Main.storyboard */ = {
			isa = PBXVariantGroup;
			children = (
				B31C9F2319858F3B00A51450 /* Base */,
			);
			name = Main.storyboard;
			sourceTree = "<group>";
		};
/* End PBXVariantGroup section */

/* Begin XCBuildConfiguration section */
		B31C9F3319858F3B00A51450 /* Debug */ = {
			isa = XCBuildConfiguration;
			buildSettings = {
				ALWAYS_SEARCH_USER_PATHS = NO;
				CLANG_CXX_LANGUAGE_STANDARD = "gnu++0x";
				CLANG_CXX_LIBRARY = "libc++";
				CLANG_ENABLE_MODULES = YES;
				CLANG_ENABLE_OBJC_ARC = YES;
				CLANG_WARN_BOOL_CONVERSION = YES;
				CLANG_WARN_CONSTANT_CONVERSION = YES;
				CLANG_WARN_DIRECT_OBJC_ISA_USAGE = YES_ERROR;
				CLANG_WARN_EMPTY_BODY = YES;
				CLANG_WARN_ENUM_CONVERSION = YES;
				CLANG_WARN_INT_CONVERSION = YES;
				CLANG_WARN_OBJC_ROOT_CLASS = YES_ERROR;
				CLANG_WARN_UNREACHABLE_CODE = YES;
				CLANG_WARN__DUPLICATE_METHOD_MATCH = YES;
				"CODE_SIGN_IDENTITY[sdk=iphoneos*]" = "iPhone Developer";
				COPY_PHASE_STRIP = NO;
				ENABLE_STRICT_OBJC_MSGSEND = YES;
				GCC_C_LANGUAGE_STANDARD = gnu99;
				GCC_DYNAMIC_NO_PIC = NO;
				GCC_OPTIMIZATION_LEVEL = 0;
				GCC_PREPROCESSOR_DEFINITIONS = (
					"DEBUG=1",
					"$(inherited)",
				);
				GCC_SYMBOLS_PRIVATE_EXTERN = NO;
				GCC_WARN_64_TO_32_BIT_CONVERSION = YES;
				GCC_WARN_ABOUT_RETURN_TYPE = YES_ERROR;
				GCC_WARN_UNDECLARED_SELECTOR = YES;
				GCC_WARN_UNINITIALIZED_AUTOS = YES_AGGRESSIVE;
				GCC_WARN_UNUSED_FUNCTION = YES;
				GCC_WARN_UNUSED_VARIABLE = YES;
				IPHONEOS_DEPLOYMENT_TARGET = 8.0;
				MTL_ENABLE_DEBUG_INFO = YES;
				ONLY_ACTIVE_ARCH = YES;
				SDKROOT = iphoneos;
			};
			name = Debug;
		};
		B31C9F3419858F3B00A51450 /* Release */ = {
			isa = XCBuildConfiguration;
			buildSettings = {
				ALWAYS_SEARCH_USER_PATHS = NO;
				CLANG_CXX_LANGUAGE_STANDARD = "gnu++0x";
				CLANG_CXX_LIBRARY = "libc++";
				CLANG_ENABLE_MODULES = YES;
				CLANG_ENABLE_OBJC_ARC = YES;
				CLANG_WARN_BOOL_CONVERSION = YES;
				CLANG_WARN_CONSTANT_CONVERSION = YES;
				CLANG_WARN_DIRECT_OBJC_ISA_USAGE = YES_ERROR;
				CLANG_WARN_EMPTY_BODY = YES;
				CLANG_WARN_ENUM_CONVERSION = YES;
				CLANG_WARN_INT_CONVERSION = YES;
				CLANG_WARN_OBJC_ROOT_CLASS = YES_ERROR;
				CLANG_WARN_UNREACHABLE_CODE = YES;
				CLANG_WARN__DUPLICATE_METHOD_MATCH = YES;
				"CODE_SIGN_IDENTITY[sdk=iphoneos*]" = "iPhone Developer";
				COPY_PHASE_STRIP = YES;
				ENABLE_NS_ASSERTIONS = NO;
				ENABLE_STRICT_OBJC_MSGSEND = YES;
				GCC_C_LANGUAGE_STANDARD = gnu99;
				GCC_WARN_64_TO_32_BIT_CONVERSION = YES;
				GCC_WARN_ABOUT_RETURN_TYPE = YES_ERROR;
				GCC_WARN_UNDECLARED_SELECTOR = YES;
				GCC_WARN_UNINITIALIZED_AUTOS = YES_AGGRESSIVE;
				GCC_WARN_UNUSED_FUNCTION = YES;
				GCC_WARN_UNUSED_VARIABLE = YES;
				IPHONEOS_DEPLOYMENT_TARGET = 8.0;
				MTL_ENABLE_DEBUG_INFO = NO;
				SDKROOT = iphoneos;
				VALIDATE_PRODUCT = YES;
			};
			name = Release;
		};
		B31C9F3619858F3B00A51450 /* Debug */ = {
			isa = XCBuildConfiguration;
			buildSettings = {
				ASSETCATALOG_COMPILER_APPICON_NAME = AppIcon;
				ASSETCATALOG_COMPILER_LAUNCHIMAGE_NAME = LaunchImage;
				CODE_SIGN_IDENTITY = "iPhone Developer";
				"CODE_SIGN_IDENTITY[sdk=iphoneos*]" = "iPhone Developer";
				INFOPLIST_FILE = Cliff/Info.plist;
				LD_RUNPATH_SEARCH_PATHS = "$(inherited) @executable_path/Frameworks";
				PRODUCT_NAME = "$(TARGET_NAME)";
				PROVISIONING_PROFILE = "";
			};
			name = Debug;
		};
		B31C9F3719858F3B00A51450 /* Release */ = {
			isa = XCBuildConfiguration;
			buildSettings = {
				ASSETCATALOG_COMPILER_APPICON_NAME = AppIcon;
				ASSETCATALOG_COMPILER_LAUNCHIMAGE_NAME = LaunchImage;
				CODE_SIGN_IDENTITY = "iPhone Developer";
				"CODE_SIGN_IDENTITY[sdk=iphoneos*]" = "iPhone Developer";
				INFOPLIST_FILE = Cliff/Info.plist;
				LD_RUNPATH_SEARCH_PATHS = "$(inherited) @executable_path/Frameworks";
				PRODUCT_NAME = "$(TARGET_NAME)";
				PROVISIONING_PROFILE = "";
			};
			name = Release;
		};
		B31C9F3919858F3B00A51450 /* Debug */ = {
			isa = XCBuildConfiguration;
			buildSettings = {
				BUNDLE_LOADER = "$(BUILT_PRODUCTS_DIR)/Cliff.app/Cliff";
				FRAMEWORK_SEARCH_PATHS = (
					"$(SDKROOT)/Developer/Library/Frameworks",
					"$(inherited)",
				);
				GCC_PREPROCESSOR_DEFINITIONS = (
					"DEBUG=1",
					"$(inherited)",
				);
				INFOPLIST_FILE = CliffTests/Info.plist;
				LD_RUNPATH_SEARCH_PATHS = "$(inherited) @executable_path/Frameworks @loader_path/Frameworks";
				PRODUCT_NAME = "$(TARGET_NAME)";
				TEST_HOST = "$(BUNDLE_LOADER)";
			};
			name = Debug;
		};
		B31C9F3A19858F3B00A51450 /* Release */ = {
			isa = XCBuildConfiguration;
			buildSettings = {
				BUNDLE_LOADER = "$(BUILT_PRODUCTS_DIR)/Cliff.app/Cliff";
				FRAMEWORK_SEARCH_PATHS = (
					"$(SDKROOT)/Developer/Library/Frameworks",
					"$(inherited)",
				);
				INFOPLIST_FILE = CliffTests/Info.plist;
				LD_RUNPATH_SEARCH_PATHS = "$(inherited) @executable_path/Frameworks @loader_path/Frameworks";
				PRODUCT_NAME = "$(TARGET_NAME)";
				TEST_HOST = "$(BUNDLE_LOADER)";
			};
			name = Release;
		};
/* End XCBuildConfiguration section */

/* Begin XCConfigurationList section */
		B31C9F1019858F3B00A51450 /* Build configuration list for PBXProject "Cliff" */ = {
			isa = XCConfigurationList;
			buildConfigurations = (
				B31C9F3319858F3B00A51450 /* Debug */,
				B31C9F3419858F3B00A51450 /* Release */,
			);
			defaultConfigurationIsVisible = 0;
			defaultConfigurationName = Release;
		};
		B31C9F3519858F3B00A51450 /* Build configuration list for PBXNativeTarget "Cliff" */ = {
			isa = XCConfigurationList;
			buildConfigurations = (
				B31C9F3619858F3B00A51450 /* Debug */,
				B31C9F3719858F3B00A51450 /* Release */,
			);
			defaultConfigurationIsVisible = 0;
			defaultConfigurationName = Release;
		};
		B31C9F3819858F3B00A51450 /* Build configuration list for PBXNativeTarget "CliffTests" */ = {
			isa = XCConfigurationList;
			buildConfigurations = (
				B31C9F3919858F3B00A51450 /* Debug */,
				B31C9F3A19858F3B00A51450 /* Release */,
			);
			defaultConfigurationIsVisible = 0;
			defaultConfigurationName = Release;
		};
/* End XCConfigurationList section */
	};
	rootObject = B31C9F0D19858F3B00A51450 /* Project object */;
}
