// !$*UTF8*$!
{
	archiveVersion = 1;
	classes = {
	};
	objectVersion = 46;
	objects = {

/* Begin PBXBuildFile section */
		B36651B41985B03B009FAD1C /* main.m in Sources */ = {isa = PBXBuildFile; fileRef = B36651B31985B03B009FAD1C /* main.m */; };
		B36651B71985B03C009FAD1C /* AppDelegate.m in Sources */ = {isa = PBXBuildFile; fileRef = B36651B61985B03C009FAD1C /* AppDelegate.m */; };
		B36651B91985B03C009FAD1C /* Images.xcassets in Resources */ = {isa = PBXBuildFile; fileRef = B36651B81985B03C009FAD1C /* Images.xcassets */; };
		B36651BC1985B03C009FAD1C /* MainMenu.xib in Resources */ = {isa = PBXBuildFile; fileRef = B36651BA1985B03C009FAD1C /* MainMenu.xib */; };
		B36651C81985B03C009FAD1C /* WaterfallTests.m in Sources */ = {isa = PBXBuildFile; fileRef = B36651C71985B03C009FAD1C /* WaterfallTests.m */; };
/* End PBXBuildFile section */

/* Begin PBXContainerItemProxy section */
		B36651C21985B03C009FAD1C /* PBXContainerItemProxy */ = {
			isa = PBXContainerItemProxy;
			containerPortal = B36651A61985B03B009FAD1C /* Project object */;
			proxyType = 1;
			remoteGlobalIDString = B36651AD1985B03B009FAD1C;
			remoteInfo = Waterfall;
		};
/* End PBXContainerItemProxy section */

/* Begin PBXFileReference section */
		B36651AE1985B03B009FAD1C /* Waterfall.app */ = {isa = PBXFileReference; explicitFileType = wrapper.application; includeInIndex = 0; path = Waterfall.app; sourceTree = BUILT_PRODUCTS_DIR; };
		B36651B21985B03B009FAD1C /* Info.plist */ = {isa = PBXFileReference; lastKnownFileType = text.plist.xml; path = Info.plist; sourceTree = "<group>"; };
		B36651B31985B03B009FAD1C /* main.m */ = {isa = PBXFileReference; lastKnownFileType = sourcecode.c.objc; path = main.m; sourceTree = "<group>"; };
		B36651B51985B03B009FAD1C /* AppDelegate.h */ = {isa = PBXFileReference; lastKnownFileType = sourcecode.c.h; path = AppDelegate.h; sourceTree = "<group>"; };
		B36651B61985B03C009FAD1C /* AppDelegate.m */ = {isa = PBXFileReference; lastKnownFileType = sourcecode.c.objc; path = AppDelegate.m; sourceTree = "<group>"; };
		B36651B81985B03C009FAD1C /* Images.xcassets */ = {isa = PBXFileReference; lastKnownFileType = folder.assetcatalog; path = Images.xcassets; sourceTree = "<group>"; };
		B36651BB1985B03C009FAD1C /* Base */ = {isa = PBXFileReference; lastKnownFileType = file.xib; name = Base; path = Base.lproj/MainMenu.xib; sourceTree = "<group>"; };
		B36651C11985B03C009FAD1C /* WaterfallTests.xctest */ = {isa = PBXFileReference; explicitFileType = wrapper.cfbundle; includeInIndex = 0; path = WaterfallTests.xctest; sourceTree = BUILT_PRODUCTS_DIR; };
		B36651C61985B03C009FAD1C /* Info.plist */ = {isa = PBXFileReference; lastKnownFileType = text.plist.xml; path = Info.plist; sourceTree = "<group>"; };
		B36651C71985B03C009FAD1C /* WaterfallTests.m */ = {isa = PBXFileReference; lastKnownFileType = sourcecode.c.objc; path = WaterfallTests.m; sourceTree = "<group>"; };
/* End PBXFileReference section */

/* Begin PBXFrameworksBuildPhase section */
		B36651AB1985B03B009FAD1C /* Frameworks */ = {
			isa = PBXFrameworksBuildPhase;
			buildActionMask = 2147483647;
			files = (
			);
			runOnlyForDeploymentPostprocessing = 0;
		};
		B36651BE1985B03C009FAD1C /* Frameworks */ = {
			isa = PBXFrameworksBuildPhase;
			buildActionMask = 2147483647;
			files = (
			);
			runOnlyForDeploymentPostprocessing = 0;
		};
/* End PBXFrameworksBuildPhase section */

/* Begin PBXGroup section */
		B36651A51985B03B009FAD1C = {
			isa = PBXGroup;
			children = (
				B36651B01985B03B009FAD1C /* Waterfall */,
				B36651C41985B03C009FAD1C /* WaterfallTests */,
				B36651AF1985B03B009FAD1C /* Products */,
			);
			sourceTree = "<group>";
		};
		B36651AF1985B03B009FAD1C /* Products */ = {
			isa = PBXGroup;
			children = (
				B36651AE1985B03B009FAD1C /* Waterfall.app */,
				B36651C11985B03C009FAD1C /* WaterfallTests.xctest */,
			);
			name = Products;
			sourceTree = "<group>";
		};
		B36651B01985B03B009FAD1C /* Waterfall */ = {
			isa = PBXGroup;
			children = (
				B36651B51985B03B009FAD1C /* AppDelegate.h */,
				B36651B61985B03C009FAD1C /* AppDelegate.m */,
				B36651B81985B03C009FAD1C /* Images.xcassets */,
				B36651BA1985B03C009FAD1C /* MainMenu.xib */,
				B36651B11985B03B009FAD1C /* Supporting Files */,
			);
			path = Waterfall;
			sourceTree = "<group>";
		};
		B36651B11985B03B009FAD1C /* Supporting Files */ = {
			isa = PBXGroup;
			children = (
				B36651B21985B03B009FAD1C /* Info.plist */,
				B36651B31985B03B009FAD1C /* main.m */,
			);
			name = "Supporting Files";
			sourceTree = "<group>";
		};
		B36651C41985B03C009FAD1C /* WaterfallTests */ = {
			isa = PBXGroup;
			children = (
				B36651C71985B03C009FAD1C /* WaterfallTests.m */,
				B36651C51985B03C009FAD1C /* Supporting Files */,
			);
			path = WaterfallTests;
			sourceTree = "<group>";
		};
		B36651C51985B03C009FAD1C /* Supporting Files */ = {
			isa = PBXGroup;
			children = (
				B36651C61985B03C009FAD1C /* Info.plist */,
			);
			name = "Supporting Files";
			sourceTree = "<group>";
		};
/* End PBXGroup section */

/* Begin PBXNativeTarget section */
		B36651AD1985B03B009FAD1C /* Waterfall */ = {
			isa = PBXNativeTarget;
			buildConfigurationList = B36651CB1985B03C009FAD1C /* Build configuration list for PBXNativeTarget "Waterfall" */;
			buildPhases = (
				B36651AA1985B03B009FAD1C /* Sources */,
				B36651AB1985B03B009FAD1C /* Frameworks */,
				B36651AC1985B03B009FAD1C /* Resources */,
			);
			buildRules = (
			);
			dependencies = (
			);
			name = Waterfall;
			productName = Waterfall;
			productReference = B36651AE1985B03B009FAD1C /* Waterfall.app */;
			productType = "com.apple.product-type.application";
		};
		B36651C01985B03C009FAD1C /* WaterfallTests */ = {
			isa = PBXNativeTarget;
			buildConfigurationList = B36651CE1985B03C009FAD1C /* Build configuration list for PBXNativeTarget "WaterfallTests" */;
			buildPhases = (
				B36651BD1985B03C009FAD1C /* Sources */,
				B36651BE1985B03C009FAD1C /* Frameworks */,
				B36651BF1985B03C009FAD1C /* Resources */,
			);
			buildRules = (
			);
			dependencies = (
				B36651C31985B03C009FAD1C /* PBXTargetDependency */,
			);
			name = WaterfallTests;
			productName = WaterfallTests;
			productReference = B36651C11985B03C009FAD1C /* WaterfallTests.xctest */;
			productType = "com.apple.product-type.bundle.unit-test";
		};
/* End PBXNativeTarget section */

/* Begin PBXProject section */
		B36651A61985B03B009FAD1C /* Project object */ = {
			isa = PBXProject;
			attributes = {
				LastUpgradeCheck = 0600;
				ORGANIZATIONNAME = "Jaden Geller";
				TargetAttributes = {
					B36651AD1985B03B009FAD1C = {
						CreatedOnToolsVersion = 6.0;
					};
					B36651C01985B03C009FAD1C = {
						CreatedOnToolsVersion = 6.0;
						TestTargetID = B36651AD1985B03B009FAD1C;
					};
				};
			};
			buildConfigurationList = B36651A91985B03B009FAD1C /* Build configuration list for PBXProject "Waterfall" */;
			compatibilityVersion = "Xcode 3.2";
			developmentRegion = English;
			hasScannedForEncodings = 0;
			knownRegions = (
				en,
				Base,
			);
			mainGroup = B36651A51985B03B009FAD1C;
			productRefGroup = B36651AF1985B03B009FAD1C /* Products */;
			projectDirPath = "";
			projectRoot = "";
			targets = (
				B36651AD1985B03B009FAD1C /* Waterfall */,
				B36651C01985B03C009FAD1C /* WaterfallTests */,
			);
		};
/* End PBXProject section */

/* Begin PBXResourcesBuildPhase section */
		B36651AC1985B03B009FAD1C /* Resources */ = {
			isa = PBXResourcesBuildPhase;
			buildActionMask = 2147483647;
			files = (
				B36651B91985B03C009FAD1C /* Images.xcassets in Resources */,
				B36651BC1985B03C009FAD1C /* MainMenu.xib in Resources */,
			);
			runOnlyForDeploymentPostprocessing = 0;
		};
		B36651BF1985B03C009FAD1C /* Resources */ = {
			isa = PBXResourcesBuildPhase;
			buildActionMask = 2147483647;
			files = (
			);
			runOnlyForDeploymentPostprocessing = 0;
		};
/* End PBXResourcesBuildPhase section */

/* Begin PBXSourcesBuildPhase section */
		B36651AA1985B03B009FAD1C /* Sources */ = {
			isa = PBXSourcesBuildPhase;
			buildActionMask = 2147483647;
			files = (
				B36651B71985B03C009FAD1C /* AppDelegate.m in Sources */,
				B36651B41985B03B009FAD1C /* main.m in Sources */,
			);
			runOnlyForDeploymentPostprocessing = 0;
		};
		B36651BD1985B03C009FAD1C /* Sources */ = {
			isa = PBXSourcesBuildPhase;
			buildActionMask = 2147483647;
			files = (
				B36651C81985B03C009FAD1C /* WaterfallTests.m in Sources */,
			);
			runOnlyForDeploymentPostprocessing = 0;
		};
/* End PBXSourcesBuildPhase section */

/* Begin PBXTargetDependency section */
		B36651C31985B03C009FAD1C /* PBXTargetDependency */ = {
			isa = PBXTargetDependency;
			target = B36651AD1985B03B009FAD1C /* Waterfall */;
			targetProxy = B36651C21985B03C009FAD1C /* PBXContainerItemProxy */;
		};
/* End PBXTargetDependency section */

/* Begin PBXVariantGroup section */
		B36651BA1985B03C009FAD1C /* MainMenu.xib */ = {
			isa = PBXVariantGroup;
			children = (
				B36651BB1985B03C009FAD1C /* Base */,
			);
			name = MainMenu.xib;
			sourceTree = "<group>";
		};
/* End PBXVariantGroup section */

/* Begin XCBuildConfiguration section */
		B36651C91985B03C009FAD1C /* Debug */ = {
			isa = XCBuildConfiguration;
			buildSettings = {
				ALWAYS_SEARCH_USER_PATHS = NO;
				CLANG_CXX_LANGUAGE_STANDARD = "gnu++0x";
				CLANG_CXX_LIBRARY = "libc++";
				CLANG_ENABLE_MODULES = YES;
				CLANG_ENABLE_OBJC_ARC = YES;
				CLANG_WARN_BOOL_CONVERSION = YES;
				CLANG_WARN_CONSTANT_CONVERSION = YES;
				CLANG_WARN_DIRECT_OBJC_ISA_USAGE = YES_ERROR;
				CLANG_WARN_EMPTY_BODY = YES;
				CLANG_WARN_ENUM_CONVERSION = YES;
				CLANG_WARN_INT_CONVERSION = YES;
				CLANG_WARN_OBJC_ROOT_CLASS = YES_ERROR;
				CLANG_WARN_UNREACHABLE_CODE = YES;
				CLANG_WARN__DUPLICATE_METHOD_MATCH = YES;
				CODE_SIGN_IDENTITY = "-";
				COPY_PHASE_STRIP = NO;
				ENABLE_STRICT_OBJC_MSGSEND = YES;
				GCC_C_LANGUAGE_STANDARD = gnu99;
				GCC_DYNAMIC_NO_PIC = NO;
				GCC_OPTIMIZATION_LEVEL = 0;
				GCC_PREPROCESSOR_DEFINITIONS = (
					"DEBUG=1",
					"$(inherited)",
				);
				GCC_SYMBOLS_PRIVATE_EXTERN = NO;
				GCC_WARN_64_TO_32_BIT_CONVERSION = YES;
				GCC_WARN_ABOUT_RETURN_TYPE = YES_ERROR;
				GCC_WARN_UNDECLARED_SELECTOR = YES;
				GCC_WARN_UNINITIALIZED_AUTOS = YES_AGGRESSIVE;
				GCC_WARN_UNUSED_FUNCTION = YES;
				GCC_WARN_UNUSED_VARIABLE = YES;
				MACOSX_DEPLOYMENT_TARGET = 10.9;
				MTL_ENABLE_DEBUG_INFO = YES;
				ONLY_ACTIVE_ARCH = YES;
				SDKROOT = macosx;
			};
			name = Debug;
		};
		B36651CA1985B03C009FAD1C /* Release */ = {
			isa = XCBuildConfiguration;
			buildSettings = {
				ALWAYS_SEARCH_USER_PATHS = NO;
				CLANG_CXX_LANGUAGE_STANDARD = "gnu++0x";
				CLANG_CXX_LIBRARY = "libc++";
				CLANG_ENABLE_MODULES = YES;
				CLANG_ENABLE_OBJC_ARC = YES;
				CLANG_WARN_BOOL_CONVERSION = YES;
				CLANG_WARN_CONSTANT_CONVERSION = YES;
				CLANG_WARN_DIRECT_OBJC_ISA_USAGE = YES_ERROR;
				CLANG_WARN_EMPTY_BODY = YES;
				CLANG_WARN_ENUM_CONVERSION = YES;
				CLANG_WARN_INT_CONVERSION = YES;
				CLANG_WARN_OBJC_ROOT_CLASS = YES_ERROR;
				CLANG_WARN_UNREACHABLE_CODE = YES;
				CLANG_WARN__DUPLICATE_METHOD_MATCH = YES;
				CODE_SIGN_IDENTITY = "-";
				COPY_PHASE_STRIP = YES;
				DEBUG_INFORMATION_FORMAT = "dwarf-with-dsym";
				ENABLE_NS_ASSERTIONS = NO;
				ENABLE_STRICT_OBJC_MSGSEND = YES;
				GCC_C_LANGUAGE_STANDARD = gnu99;
				GCC_WARN_64_TO_32_BIT_CONVERSION = YES;
				GCC_WARN_ABOUT_RETURN_TYPE = YES_ERROR;
				GCC_WARN_UNDECLARED_SELECTOR = YES;
				GCC_WARN_UNINITIALIZED_AUTOS = YES_AGGRESSIVE;
				GCC_WARN_UNUSED_FUNCTION = YES;
				GCC_WARN_UNUSED_VARIABLE = YES;
				MACOSX_DEPLOYMENT_TARGET = 10.9;
				MTL_ENABLE_DEBUG_INFO = NO;
				SDKROOT = macosx;
			};
			name = Release;
		};
		B36651CC1985B03C009FAD1C /* Debug */ = {
			isa = XCBuildConfiguration;
			buildSettings = {
				ASSETCATALOG_COMPILER_APPICON_NAME = AppIcon;
				COMBINE_HIDPI_IMAGES = YES;
				INFOPLIST_FILE = Waterfall/Info.plist;
				LD_RUNPATH_SEARCH_PATHS = "$(inherited) @executable_path/../Frameworks";
				PRODUCT_NAME = "$(TARGET_NAME)";
			};
			name = Debug;
		};
		B36651CD1985B03C009FAD1C /* Release */ = {
			isa = XCBuildConfiguration;
			buildSettings = {
				ASSETCATALOG_COMPILER_APPICON_NAME = AppIcon;
				COMBINE_HIDPI_IMAGES = YES;
				INFOPLIST_FILE = Waterfall/Info.plist;
				LD_RUNPATH_SEARCH_PATHS = "$(inherited) @executable_path/../Frameworks";
				PRODUCT_NAME = "$(TARGET_NAME)";
			};
			name = Release;
		};
		B36651CF1985B03C009FAD1C /* Debug */ = {
			isa = XCBuildConfiguration;
			buildSettings = {
				BUNDLE_LOADER = "$(BUILT_PRODUCTS_DIR)/Waterfall.app/Contents/MacOS/Waterfall";
				COMBINE_HIDPI_IMAGES = YES;
				FRAMEWORK_SEARCH_PATHS = (
					"$(DEVELOPER_FRAMEWORKS_DIR)",
					"$(inherited)",
				);
				GCC_PREPROCESSOR_DEFINITIONS = (
					"DEBUG=1",
					"$(inherited)",
				);
				INFOPLIST_FILE = WaterfallTests/Info.plist;
				LD_RUNPATH_SEARCH_PATHS = "$(inherited) @executable_path/../Frameworks @loader_path/../Frameworks";
				PRODUCT_NAME = "$(TARGET_NAME)";
				TEST_HOST = "$(BUNDLE_LOADER)";
			};
			name = Debug;
		};
		B36651D01985B03C009FAD1C /* Release */ = {
			isa = XCBuildConfiguration;
			buildSettings = {
				BUNDLE_LOADER = "$(BUILT_PRODUCTS_DIR)/Waterfall.app/Contents/MacOS/Waterfall";
				COMBINE_HIDPI_IMAGES = YES;
				FRAMEWORK_SEARCH_PATHS = (
					"$(DEVELOPER_FRAMEWORKS_DIR)",
					"$(inherited)",
				);
				INFOPLIST_FILE = WaterfallTests/Info.plist;
				LD_RUNPATH_SEARCH_PATHS = "$(inherited) @executable_path/../Frameworks @loader_path/../Frameworks";
				PRODUCT_NAME = "$(TARGET_NAME)";
				TEST_HOST = "$(BUNDLE_LOADER)";
			};
			name = Release;
		};
/* End XCBuildConfiguration section */

/* Begin XCConfigurationList section */
		B36651A91985B03B009FAD1C /* Build configuration list for PBXProject "Waterfall" */ = {
			isa = XCConfigurationList;
			buildConfigurations = (
				B36651C91985B03C009FAD1C /* Debug */,
				B36651CA1985B03C009FAD1C /* Release */,
			);
			defaultConfigurationIsVisible = 0;
			defaultConfigurationName = Release;
		};
		B36651CB1985B03C009FAD1C /* Build configuration list for PBXNativeTarget "Waterfall" */ = {
			isa = XCConfigurationList;
			buildConfigurations = (
				B36651CC1985B03C009FAD1C /* Debug */,
				B36651CD1985B03C009FAD1C /* Release */,
			);
			defaultConfigurationIsVisible = 0;
			defaultConfigurationName = Release;
		};
		B36651CE1985B03C009FAD1C /* Build configuration list for PBXNativeTarget "WaterfallTests" */ = {
			isa = XCConfigurationList;
			buildConfigurations = (
				B36651CF1985B03C009FAD1C /* Debug */,
				B36651D01985B03C009FAD1C /* Release */,
			);
			defaultConfigurationIsVisible = 0;
			defaultConfigurationName = Release;
		};
/* End XCConfigurationList section */
	};
	rootObject = B36651A61985B03B009FAD1C /* Project object */;
}
